
Microsoft Visual Studio Solution File, Format Version 12.00
# Visual Studio 14
VisualStudioVersion = 14.0.24720.0
MinimumVisualStudioVersion = 10.0.40219.1
Project("{FAE04EC0-301F-11D3-BF4B-00C04F79EFBC}") = "Week3_ArrayPractice_01182016", "Week3_ArrayPractice_01182016\Week3_ArrayPractice_01182016.csproj", "{76E8C09E-3A1C-4FD6-8C6F-B0E4DCA72B5D}"
EndProject
Global
	GlobalSection(SolutionConfigurationPlatforms) = preSolution
		Debug|Any CPU = Debug|Any CPU
		Release|Any CPU = Release|Any CPU
	EndGlobalSection
	GlobalSection(ProjectConfigurationPlatforms) = postSolution
		{76E8C09E-3A1C-4FD6-8C6F-B0E4DCA72B5D}.Debug|Any CPU.ActiveCfg = Debug|Any CPU
		{76E8C09E-3A1C-4FD6-8C6F-B0E4DCA72B5D}.Debug|Any CPU.Build.0 = Debug|Any CPU
		{76E8C09E-3A1C-4FD6-8C6F-B0E4DCA72B5D}.Release|Any CPU.ActiveCfg = Release|Any CPU
		{76E8C09E-3A1C-4FD6-8C6F-B0E4DCA72B5D}.Release|Any CPU.Build.0 = Release|Any CPU
	EndGlobalSection
	GlobalSection(SolutionProperties) = preSolution
		HideSolutionNode = FALSE
	EndGlobalSection
EndGlobal
